
Microsoft Visual Studio Solution File, Format Version 12.00
# Visual Studio Version 16
VisualStudioVersion = 16.0.30413.136
MinimumVisualStudioVersion = 10.0.40219.1
Project("{FAE04EC0-301F-11D3-BF4B-00C04F79EFBC}") = "Design_Login_Form", "Design_Login_Form.csproj", "{4AA594C4-5D57-4707-9635-6263814A4378}"
EndProject
Global
	GlobalSection(SolutionConfigurationPlatforms) = preSolution
		Debug|Any CPU = Debug|Any CPU
		Release|Any CPU = Release|Any CPU
	EndGlobalSection
	GlobalSection(ProjectConfigurationPlatforms) = postSolution
		{4AA594C4-5D57-4707-9635-6263814A4378}.Debug|Any CPU.ActiveCfg = Debug|Any CPU
		{4AA594C4-5D57-4707-9635-6263814A4378}.Debug|Any CPU.Build.0 = Debug|Any CPU
		{4AA594C4-5D57-4707-9635-6263814A4378}.Release|Any CPU.ActiveCfg = Release|Any CPU
		{4AA594C4-5D57-4707-9635-6263814A4378}.Release|Any CPU.Build.0 = Release|Any CPU
	EndGlobalSection
	GlobalSection(SolutionProperties) = preSolution
		HideSolutionNode = FALSE
	EndGlobalSection
	GlobalSection(ExtensibilityGlobals) = postSolution
		SolutionGuid = {F11E4EB5-2E9C-4449-AF1F-DE19B6A52DC6}
	EndGlobalSection
EndGlobal
